{
    "version": 3,
    "terraform_version": "0.7.3",
    "serial": 28,
    "lineage": "10fcd422-fff5-4bce-99ed-5006d6383f4d",
    "modules": [
        {
            "path": [
                "root"
            ],
            "outputs": {},
            "resources": {
                "aws_alb.main": {
                    "type": "aws_alb",
                    "depends_on": [
                        "aws_security_group.alb"
                    ],
                    "primary": {
                        "id": "arn:aws:elasticloadbalancing:us-west-2:811920840952:loadbalancer/app/restream/a3994c286ea402da",
                        "attributes": {
                            "access_logs.#": "0",
                            "arn": "arn:aws:elasticloadbalancing:us-west-2:811920840952:loadbalancer/app/restream/a3994c286ea402da",
                            "dns_name": "restream-1418027679.us-west-2.elb.amazonaws.com",
                            "enable_deletion_protection": "false",
                            "id": "arn:aws:elasticloadbalancing:us-west-2:811920840952:loadbalancer/app/restream/a3994c286ea402da",
                            "idle_timeout": "60",
                            "internal": "false",
                            "name": "restream",
                            "security_groups.#": "1",
                            "security_groups.2144210870": "sg-61921618",
                            "subnets.#": "2",
                            "subnets.212306814": "subnet-52625225",
                            "subnets.883959525": "subnet-c5f3bd9c",
                            "tags.%": "0",
                            "vpc_id": "vpc-f5353c90",
                            "zone_id": "Z1H1FL5HABSF5"
                        },
                        "meta": {},
                        "tainted": false
                    },
                    "deposed": [],
                    "provider": ""
                },
                "aws_alb_listener.backend": {
                    "type": "aws_alb_listener",
                    "depends_on": [
                        "aws_alb.main",
                        "aws_alb_target_group.backend"
                    ],
                    "primary": {
                        "id": "arn:aws:elasticloadbalancing:us-west-2:811920840952:listener/app/restream/a3994c286ea402da/0e30956b6a29ae9d",
                        "attributes": {
                            "arn": "arn:aws:elasticloadbalancing:us-west-2:811920840952:listener/app/restream/a3994c286ea402da/0e30956b6a29ae9d",
                            "default_action.#": "1",
                            "default_action.0.target_group_arn": "arn:aws:elasticloadbalancing:us-west-2:811920840952:targetgroup/backend/fb6b6eb9eb4c9f39",
                            "default_action.0.type": "forward",
                            "id": "arn:aws:elasticloadbalancing:us-west-2:811920840952:listener/app/restream/a3994c286ea402da/0e30956b6a29ae9d",
                            "load_balancer_arn": "arn:aws:elasticloadbalancing:us-west-2:811920840952:loadbalancer/app/restream/a3994c286ea402da",
                            "port": "5000",
                            "protocol": "HTTP",
                            "ssl_policy": ""
                        },
                        "meta": {},
                        "tainted": false
                    },
                    "deposed": [],
                    "provider": ""
                },
                "aws_alb_listener.pushpin": {
                    "type": "aws_alb_listener",
                    "depends_on": [
                        "aws_alb.main",
                        "aws_alb_target_group.pushpin"
                    ],
                    "primary": {
                        "id": "arn:aws:elasticloadbalancing:us-west-2:811920840952:listener/app/restream/a3994c286ea402da/dcf29662f4a42748",
                        "attributes": {
                            "arn": "arn:aws:elasticloadbalancing:us-west-2:811920840952:listener/app/restream/a3994c286ea402da/dcf29662f4a42748",
                            "default_action.#": "1",
                            "default_action.0.target_group_arn": "arn:aws:elasticloadbalancing:us-west-2:811920840952:targetgroup/pushpin/22c2f7421f510fee",
                            "default_action.0.type": "forward",
                            "id": "arn:aws:elasticloadbalancing:us-west-2:811920840952:listener/app/restream/a3994c286ea402da/dcf29662f4a42748",
                            "load_balancer_arn": "arn:aws:elasticloadbalancing:us-west-2:811920840952:loadbalancer/app/restream/a3994c286ea402da",
                            "port": "7999",
                            "protocol": "HTTP",
                            "ssl_policy": ""
                        },
                        "meta": {},
                        "tainted": false
                    },
                    "deposed": [],
                    "provider": ""
                },
                "aws_alb_listener.pushpin_control": {
                    "type": "aws_alb_listener",
                    "depends_on": [
                        "aws_alb.main",
                        "aws_alb_target_group.pushpin"
                    ],
                    "primary": {
                        "id": "arn:aws:elasticloadbalancing:us-west-2:811920840952:listener/app/restream/a3994c286ea402da/89d78c7349df0019",
                        "attributes": {
                            "arn": "arn:aws:elasticloadbalancing:us-west-2:811920840952:listener/app/restream/a3994c286ea402da/89d78c7349df0019",
                            "default_action.#": "1",
                            "default_action.0.target_group_arn": "arn:aws:elasticloadbalancing:us-west-2:811920840952:targetgroup/pushpin/22c2f7421f510fee",
                            "default_action.0.type": "forward",
                            "id": "arn:aws:elasticloadbalancing:us-west-2:811920840952:listener/app/restream/a3994c286ea402da/89d78c7349df0019",
                            "load_balancer_arn": "arn:aws:elasticloadbalancing:us-west-2:811920840952:loadbalancer/app/restream/a3994c286ea402da",
                            "port": "5561",
                            "protocol": "HTTP",
                            "ssl_policy": ""
                        },
                        "meta": {},
                        "tainted": false
                    },
                    "deposed": [],
                    "provider": ""
                },
                "aws_alb_target_group.backend": {
                    "type": "aws_alb_target_group",
                    "depends_on": [],
                    "primary": {
                        "id": "arn:aws:elasticloadbalancing:us-west-2:811920840952:targetgroup/backend/fb6b6eb9eb4c9f39",
                        "attributes": {
                            "arn": "arn:aws:elasticloadbalancing:us-west-2:811920840952:targetgroup/backend/fb6b6eb9eb4c9f39",
                            "deregistration_delay": "300",
                            "health_check.#": "1",
                            "health_check.0.healthy_threshold": "5",
                            "health_check.0.interval": "30",
                            "health_check.0.matcher": "200",
                            "health_check.0.path": "/",
                            "health_check.0.port": "traffic-port",
                            "health_check.0.protocol": "HTTP",
                            "health_check.0.timeout": "5",
                            "health_check.0.unhealthy_threshold": "2",
                            "id": "arn:aws:elasticloadbalancing:us-west-2:811920840952:targetgroup/backend/fb6b6eb9eb4c9f39",
                            "name": "backend",
                            "port": "5000",
                            "protocol": "HTTP",
                            "vpc_id": "vpc-f5353c90"
                        },
                        "meta": {},
                        "tainted": false
                    },
                    "deposed": [],
                    "provider": ""
                },
                "aws_alb_target_group.pushpin": {
                    "type": "aws_alb_target_group",
                    "depends_on": [],
                    "primary": {
                        "id": "arn:aws:elasticloadbalancing:us-west-2:811920840952:targetgroup/pushpin/22c2f7421f510fee",
                        "attributes": {
                            "arn": "arn:aws:elasticloadbalancing:us-west-2:811920840952:targetgroup/pushpin/22c2f7421f510fee",
                            "deregistration_delay": "300",
                            "health_check.#": "1",
                            "health_check.0.healthy_threshold": "5",
                            "health_check.0.interval": "30",
                            "health_check.0.matcher": "200",
                            "health_check.0.path": "/",
                            "health_check.0.port": "traffic-port",
                            "health_check.0.protocol": "HTTP",
                            "health_check.0.timeout": "5",
                            "health_check.0.unhealthy_threshold": "2",
                            "id": "arn:aws:elasticloadbalancing:us-west-2:811920840952:targetgroup/pushpin/22c2f7421f510fee",
                            "name": "pushpin",
                            "port": "7999",
                            "protocol": "HTTP",
                            "vpc_id": "vpc-f5353c90"
                        },
                        "meta": {},
                        "tainted": false
                    },
                    "deposed": [],
                    "provider": ""
                },
                "aws_alb_target_group.pushpin_control": {
                    "type": "aws_alb_target_group",
                    "depends_on": [],
                    "primary": {
                        "id": "arn:aws:elasticloadbalancing:us-west-2:811920840952:targetgroup/pushpin-control/a2b6d106b6fafcd8",
                        "attributes": {
                            "arn": "arn:aws:elasticloadbalancing:us-west-2:811920840952:targetgroup/pushpin-control/a2b6d106b6fafcd8",
                            "deregistration_delay": "300",
                            "health_check.#": "1",
                            "health_check.0.healthy_threshold": "5",
                            "health_check.0.interval": "30",
                            "health_check.0.matcher": "200",
                            "health_check.0.path": "/",
                            "health_check.0.port": "traffic-port",
                            "health_check.0.protocol": "HTTP",
                            "health_check.0.timeout": "5",
                            "health_check.0.unhealthy_threshold": "2",
                            "id": "arn:aws:elasticloadbalancing:us-west-2:811920840952:targetgroup/pushpin-control/a2b6d106b6fafcd8",
                            "name": "pushpin-control",
                            "port": "5561",
                            "protocol": "HTTP",
                            "vpc_id": "vpc-f5353c90"
                        },
                        "meta": {},
                        "tainted": false
                    },
                    "deposed": [],
                    "provider": ""
                },
                "aws_autoscaling_group.ecs_cluster_instances": {
                    "type": "aws_autoscaling_group",
                    "depends_on": [
                        "aws_launch_configuration.ecs_instance"
                    ],
                    "primary": {
                        "id": "ecs-cluster-instances",
                        "attributes": {
                            "arn": "arn:aws:autoscaling:us-west-2:811920840952:autoScalingGroup:078a99b3-7f60-4a41-8121-b4ccd94bd79b:autoScalingGroupName/ecs-cluster-instances",
                            "availability_zones.#": "2",
                            "availability_zones.2050015877": "us-west-2c",
                            "availability_zones.221770259": "us-west-2b",
                            "default_cooldown": "300",
                            "desired_capacity": "2",
                            "force_delete": "false",
                            "health_check_grace_period": "300",
                            "health_check_type": "EC2",
                            "id": "ecs-cluster-instances",
                            "launch_configuration": "ecs-instance-20161009042402371724023txy",
                            "load_balancers.#": "0",
                            "max_size": "2",
                            "metrics_granularity": "1Minute",
                            "min_size": "2",
                            "name": "ecs-cluster-instances",
                            "placement_group": "",
                            "protect_from_scale_in": "false",
                            "tag.#": "1",
                            "tag.353999154.key": "Name",
                            "tag.353999154.propagate_at_launch": "true",
                            "tag.353999154.value": "ecs-cluster-instances",
                            "target_group_arns.#": "0",
                            "termination_policies.#": "0",
                            "vpc_zone_identifier.#": "2",
                            "vpc_zone_identifier.212306814": "subnet-52625225",
                            "vpc_zone_identifier.883959525": "subnet-c5f3bd9c",
                            "wait_for_capacity_timeout": "10m"
                        },
                        "meta": {},
                        "tainted": false
                    },
                    "deposed": [],
                    "provider": ""
                },
                "aws_dynamodb_table.message_cache": {
                    "type": "aws_dynamodb_table",
                    "depends_on": [],
                    "primary": {
                        "id": "RestreamMessageCache",
                        "attributes": {
                            "arn": "arn:aws:dynamodb:us-west-2:811920840952:table/RestreamMessageCache",
                            "attribute.#": "2",
                            "attribute.3051591260.name": "ChannelItemId",
                            "attribute.3051591260.type": "S",
                            "attribute.423918437.name": "Timestamp",
                            "attribute.423918437.type": "S",
                            "global_secondary_index.#": "0",
                            "hash_key": "ChannelItemId",
                            "id": "RestreamMessageCache",
                            "local_secondary_index.#": "0",
                            "name": "RestreamMessageCache",
                            "range_key": "Timestamp",
                            "read_capacity": "5",
                            "stream_arn": "arn:aws:dynamodb:us-west-2:811920840952:table/RestreamMessageCache/stream/2016-10-13T21:20:50.944",
                            "stream_enabled": "true",
                            "stream_view_type": "NEW_IMAGE",
                            "write_capacity": "5"
                        },
                        "meta": {},
                        "tainted": true
                    },
                    "deposed": [],
                    "provider": ""
                },
                "aws_ecs_cluster.restream_cluster": {
                    "type": "aws_ecs_cluster",
                    "depends_on": [],
                    "primary": {
                        "id": "arn:aws:ecs:us-west-2:811920840952:cluster/restream-cluster",
                        "attributes": {
                            "id": "arn:aws:ecs:us-west-2:811920840952:cluster/restream-cluster",
                            "name": "restream-cluster"
                        },
                        "meta": {},
                        "tainted": false
                    },
                    "deposed": [
                        {
                            "id": "arn:aws:ecs:us-west-2:811920840952:cluster/restream-cluster",
                            "attributes": {
                                "id": "arn:aws:ecs:us-west-2:811920840952:cluster/restream-cluster",
                                "name": "restream-cluster"
                            },
                            "meta": {},
                            "tainted": true
                        }
                    ],
                    "provider": ""
                },
                "aws_ecs_service.backend": {
                    "type": "aws_ecs_service",
                    "depends_on": [
                        "aws_alb_target_group.backend",
                        "aws_ecs_cluster.restream_cluster",
                        "aws_ecs_task_definition.backend",
                        "aws_iam_role.ecs_service_role",
                        "aws_iam_role_policy.ecs_service_policy"
                    ],
                    "primary": {
                        "id": "arn:aws:ecs:us-west-2:811920840952:service/backend",
                        "attributes": {
                            "cluster": "arn:aws:ecs:us-west-2:811920840952:cluster/restream-cluster",
                            "deployment_maximum_percent": "200",
                            "deployment_minimum_healthy_percent": "100",
                            "desired_count": "1",
                            "iam_role": "arn:aws:iam::811920840952:role/ecs-service-role",
                            "id": "arn:aws:ecs:us-west-2:811920840952:service/backend",
                            "load_balancer.#": "1",
                            "load_balancer.2785704373.container_name": "backend",
                            "load_balancer.2785704373.container_port": "5000",
                            "load_balancer.2785704373.elb_name": "",
                            "load_balancer.2785704373.target_group_arn": "arn:aws:elasticloadbalancing:us-west-2:811920840952:targetgroup/backend/fb6b6eb9eb4c9f39",
                            "name": "backend",
                            "task_definition": "arn:aws:ecs:us-west-2:811920840952:task-definition/backend:4"
                        },
                        "meta": {},
                        "tainted": false
                    },
                    "deposed": [],
                    "provider": ""
                },
                "aws_ecs_service.pushpin": {
                    "type": "aws_ecs_service",
                    "depends_on": [
                        "aws_alb_target_group.pushpin",
                        "aws_ecs_cluster.restream_cluster",
                        "aws_ecs_task_definition.pushpin",
                        "aws_iam_role.ecs_service_role",
                        "aws_iam_role_policy.ecs_service_policy"
                    ],
                    "primary": {
                        "id": "arn:aws:ecs:us-west-2:811920840952:service/pushpin",
                        "attributes": {
                            "cluster": "arn:aws:ecs:us-west-2:811920840952:cluster/restream-cluster",
                            "deployment_maximum_percent": "200",
                            "deployment_minimum_healthy_percent": "100",
                            "desired_count": "1",
                            "iam_role": "arn:aws:iam::811920840952:role/ecs-service-role",
                            "id": "arn:aws:ecs:us-west-2:811920840952:service/pushpin",
                            "load_balancer.#": "1",
                            "load_balancer.2847346218.container_name": "pushpin",
                            "load_balancer.2847346218.container_port": "7999",
                            "load_balancer.2847346218.elb_name": "",
                            "load_balancer.2847346218.target_group_arn": "arn:aws:elasticloadbalancing:us-west-2:811920840952:targetgroup/pushpin/22c2f7421f510fee",
                            "name": "pushpin",
                            "task_definition": "arn:aws:ecs:us-west-2:811920840952:task-definition/pushpin:5"
                        },
                        "meta": {},
                        "tainted": false
                    },
                    "deposed": [],
                    "provider": ""
                },
                "aws_ecs_task_definition.backend": {
                    "type": "aws_ecs_task_definition",
                    "depends_on": [],
                    "primary": {
                        "id": "backend",
                        "attributes": {
                            "arn": "arn:aws:ecs:us-west-2:811920840952:task-definition/backend:4",
                            "container_definitions": "d2bb4ef1d588dac999ff3dc25f9d873818c15205",
                            "family": "backend",
                            "id": "backend",
                            "network_mode": "",
                            "revision": "4",
                            "task_role_arn": ""
                        },
                        "meta": {},
                        "tainted": false
                    },
                    "deposed": [],
                    "provider": ""
                },
                "aws_ecs_task_definition.pushpin": {
                    "type": "aws_ecs_task_definition",
                    "depends_on": [
                        "aws_alb.main"
                    ],
                    "primary": {
                        "id": "pushpin",
                        "attributes": {
                            "arn": "arn:aws:ecs:us-west-2:811920840952:task-definition/pushpin:5",
                            "container_definitions": "f73a7162128626754885a83a805ad006f4b07de6",
                            "family": "pushpin",
                            "id": "pushpin",
                            "network_mode": "",
                            "revision": "5",
                            "task_role_arn": ""
                        },
                        "meta": {},
                        "tainted": false
                    },
                    "deposed": [],
                    "provider": ""
                },
                "aws_iam_instance_profile.ecs_instance": {
                    "type": "aws_iam_instance_profile",
                    "depends_on": [
                        "aws_iam_role.ecs_instance"
                    ],
                    "primary": {
                        "id": "ecs-instance",
                        "attributes": {
                            "arn": "arn:aws:iam::811920840952:instance-profile/ecs-instance",
                            "id": "ecs-instance",
                            "name": "ecs-instance",
                            "path": "/",
                            "roles.#": "1",
                            "roles.1270880406": "ecs-instance"
                        },
                        "meta": {},
                        "tainted": false
                    },
                    "deposed": [],
                    "provider": ""
                },
                "aws_iam_role.ecs_instance": {
                    "type": "aws_iam_role",
                    "depends_on": [],
                    "primary": {
                        "id": "ecs-instance",
                        "attributes": {
                            "arn": "arn:aws:iam::811920840952:role/ecs-instance",
                            "assume_role_policy": "{\n  \"Version\": \"2008-10-17\",\n  \"Statement\": [\n    {\n      \"Sid\": \"\",\n      \"Effect\": \"Allow\",\n      \"Principal\": {\n        \"Service\": \"ec2.amazonaws.com\"\n      },\n      \"Action\": \"sts:AssumeRole\"\n    }\n  ]\n}\n",
                            "id": "ecs-instance",
                            "name": "ecs-instance",
                            "path": "/",
                            "unique_id": "AROAJFR2AXXFZ7ZXCBEBE"
                        },
                        "meta": {},
                        "tainted": false
                    },
                    "deposed": [],
                    "provider": ""
                },
                "aws_iam_role.ecs_service_role": {
                    "type": "aws_iam_role",
                    "depends_on": [],
                    "primary": {
                        "id": "ecs-service-role",
                        "attributes": {
                            "arn": "arn:aws:iam::811920840952:role/ecs-service-role",
                            "assume_role_policy": "{\n  \"Version\": \"2008-10-17\",\n  \"Statement\": [\n    {\n      \"Sid\": \"\",\n      \"Effect\": \"Allow\",\n      \"Principal\": {\n        \"Service\": [\n          \"ecs.amazonaws.com\",\n          \"ec2.amazonaws.com\",\n          \"ecs-tasks.amazonaws.com\"\n        ]\n      },\n      \"Action\": \"sts:AssumeRole\"\n    }\n  ]\n}\n",
                            "id": "ecs-service-role",
                            "name": "ecs-service-role",
                            "path": "/",
                            "unique_id": "AROAIDYV27DIOHKDACVLO"
                        },
                        "meta": {},
                        "tainted": false
                    },
                    "deposed": [],
                    "provider": ""
                },
                "aws_iam_role_policy.ecs_cluster_permissions": {
                    "type": "aws_iam_role_policy",
                    "depends_on": [
                        "aws_iam_role.ecs_instance"
                    ],
                    "primary": {
                        "id": "ecs-instance:ecs-cluster-permissions",
                        "attributes": {
                            "id": "ecs-instance:ecs-cluster-permissions",
                            "name": "ecs-cluster-permissions",
                            "policy": "{\n  \"Version\": \"2012-10-17\",\n  \"Statement\": [\n    {\n      \"Effect\": \"Allow\",\n      \"Action\": [\n        \"ecs:CreateCluster\",\n        \"ecs:DeregisterContainerInstance\",\n        \"ecs:DiscoverPollEndpoint\",\n        \"ecs:Poll\",\n        \"ecs:RegisterContainerInstance\",\n        \"ecs:StartTelemetrySession\",\n        \"ecs:Submit*\"\n      ],\n      \"Resource\": [\n        \"*\"\n      ]\n    }\n  ]\n}\n",
                            "role": "ecs-instance"
                        },
                        "meta": {},
                        "tainted": false
                    },
                    "deposed": [],
                    "provider": ""
                },
                "aws_iam_role_policy.ecs_service_policy": {
                    "type": "aws_iam_role_policy",
                    "depends_on": [
                        "aws_iam_role.ecs_service_role"
                    ],
                    "primary": {
                        "id": "ecs-service-role:ecs-service-policy",
                        "attributes": {
                            "id": "ecs-service-role:ecs-service-policy",
                            "name": "ecs-service-policy",
                            "policy": "{\n  \"Version\": \"2012-10-17\",\n  \"Statement\": [\n    {\n      \"Effect\": \"Allow\",\n      \"Action\": [\n        \"elasticloadbalancing:Describe*\",\n        \"elasticloadbalancing:DeregisterInstancesFromLoadBalancer\",\n        \"elasticloadbalancing:DeregisterTargets\",\n        \"elasticloadbalancing:RegisterInstancesWithLoadBalancer\",\n        \"elasticloadbalancing:RegisterTargets\",\n        \"ec2:Describe*\",\n        \"ec2:AuthorizeSecurityGroupIngress\"\n      ],\n      \"Resource\": [\n        \"*\"\n      ]\n    }\n  ]\n}\n",
                            "role": "ecs-service-role"
                        },
                        "meta": {},
                        "tainted": false
                    },
                    "deposed": [],
                    "provider": ""
                },
                "aws_launch_configuration.ecs_instance": {
                    "type": "aws_launch_configuration",
                    "depends_on": [
                        "aws_ecs_cluster.restream_cluster",
                        "aws_iam_instance_profile.ecs_instance",
                        "aws_security_group.ecs_instance"
                    ],
                    "primary": {
                        "id": "ecs-instance-20161009042402371724023txy",
                        "attributes": {
                            "associate_public_ip_address": "false",
                            "ebs_block_device.#": "0",
                            "ebs_optimized": "false",
                            "enable_monitoring": "true",
                            "ephemeral_block_device.#": "0",
                            "iam_instance_profile": "ecs-instance",
                            "id": "ecs-instance-20161009042402371724023txy",
                            "image_id": "ami-562cf236",
                            "instance_type": "t2.micro",
                            "key_name": "bdc2014",
                            "name": "ecs-instance-20161009042402371724023txy",
                            "name_prefix": "ecs-instance-",
                            "root_block_device.#": "0",
                            "security_groups.#": "1",
                            "security_groups.4225755948": "sg-79e46100",
                            "spot_price": "",
                            "user_data": "9d1443a2e0590f15f4bb0f0af86d09bd5760e61c",
                            "vpc_classic_link_id": "",
                            "vpc_classic_link_security_groups.#": "0"
                        },
                        "meta": {},
                        "tainted": false
                    },
                    "deposed": [],
                    "provider": ""
                },
                "aws_security_group.alb": {
                    "type": "aws_security_group",
                    "depends_on": [],
                    "primary": {
                        "id": "sg-61921618",
                        "attributes": {
                            "description": "Security group for the ALB",
                            "egress.#": "1",
                            "egress.482069346.cidr_blocks.#": "1",
                            "egress.482069346.cidr_blocks.0": "0.0.0.0/0",
                            "egress.482069346.from_port": "0",
                            "egress.482069346.prefix_list_ids.#": "0",
                            "egress.482069346.protocol": "-1",
                            "egress.482069346.security_groups.#": "0",
                            "egress.482069346.self": "false",
                            "egress.482069346.to_port": "0",
                            "id": "sg-61921618",
                            "ingress.#": "3",
                            "ingress.2006659232.cidr_blocks.#": "1",
                            "ingress.2006659232.cidr_blocks.0": "0.0.0.0/0",
                            "ingress.2006659232.from_port": "7999",
                            "ingress.2006659232.protocol": "tcp",
                            "ingress.2006659232.security_groups.#": "0",
                            "ingress.2006659232.self": "false",
                            "ingress.2006659232.to_port": "7999",
                            "ingress.2491066110.cidr_blocks.#": "1",
                            "ingress.2491066110.cidr_blocks.0": "0.0.0.0/0",
                            "ingress.2491066110.from_port": "5000",
                            "ingress.2491066110.protocol": "tcp",
                            "ingress.2491066110.security_groups.#": "0",
                            "ingress.2491066110.self": "false",
                            "ingress.2491066110.to_port": "5000",
                            "ingress.3655525830.cidr_blocks.#": "1",
                            "ingress.3655525830.cidr_blocks.0": "0.0.0.0/0",
                            "ingress.3655525830.from_port": "5561",
                            "ingress.3655525830.protocol": "tcp",
                            "ingress.3655525830.security_groups.#": "0",
                            "ingress.3655525830.self": "false",
                            "ingress.3655525830.to_port": "5561",
                            "name": "alb",
                            "owner_id": "811920840952",
                            "tags.%": "0",
                            "vpc_id": "vpc-f5353c90"
                        },
                        "meta": {},
                        "tainted": false
                    },
                    "deposed": [],
                    "provider": ""
                },
                "aws_security_group.ecs_instance": {
                    "type": "aws_security_group",
                    "depends_on": [],
                    "primary": {
                        "id": "sg-79e46100",
                        "attributes": {
                            "description": "Security group for the EC2 instances in the ECS cluster",
                            "egress.#": "1",
                            "egress.482069346.cidr_blocks.#": "1",
                            "egress.482069346.cidr_blocks.0": "0.0.0.0/0",
                            "egress.482069346.from_port": "0",
                            "egress.482069346.prefix_list_ids.#": "0",
                            "egress.482069346.protocol": "-1",
                            "egress.482069346.security_groups.#": "0",
                            "egress.482069346.self": "false",
                            "egress.482069346.to_port": "0",
                            "id": "sg-79e46100",
                            "ingress.#": "4",
                            "ingress.2006659232.cidr_blocks.#": "1",
                            "ingress.2006659232.cidr_blocks.0": "0.0.0.0/0",
                            "ingress.2006659232.from_port": "7999",
                            "ingress.2006659232.protocol": "tcp",
                            "ingress.2006659232.security_groups.#": "0",
                            "ingress.2006659232.self": "false",
                            "ingress.2006659232.to_port": "7999",
                            "ingress.2491066110.cidr_blocks.#": "1",
                            "ingress.2491066110.cidr_blocks.0": "0.0.0.0/0",
                            "ingress.2491066110.from_port": "5000",
                            "ingress.2491066110.protocol": "tcp",
                            "ingress.2491066110.security_groups.#": "0",
                            "ingress.2491066110.self": "false",
                            "ingress.2491066110.to_port": "5000",
                            "ingress.2541437006.cidr_blocks.#": "1",
                            "ingress.2541437006.cidr_blocks.0": "0.0.0.0/0",
                            "ingress.2541437006.from_port": "22",
                            "ingress.2541437006.protocol": "tcp",
                            "ingress.2541437006.security_groups.#": "0",
                            "ingress.2541437006.self": "false",
                            "ingress.2541437006.to_port": "22",
                            "ingress.3655525830.cidr_blocks.#": "1",
                            "ingress.3655525830.cidr_blocks.0": "0.0.0.0/0",
                            "ingress.3655525830.from_port": "5561",
                            "ingress.3655525830.protocol": "tcp",
                            "ingress.3655525830.security_groups.#": "0",
                            "ingress.3655525830.self": "false",
                            "ingress.3655525830.to_port": "5561",
                            "name": "ecs-instance",
                            "owner_id": "811920840952",
                            "tags.%": "0",
                            "vpc_id": "vpc-f5353c90"
                        },
                        "meta": {},
                        "tainted": false
                    },
                    "deposed": [],
                    "provider": ""
                }
            },
            "depends_on": []
        }
    ]
}
